
Microsoft Visual Studio Solution File, Format Version 12.00
# Visual Studio 15
VisualStudioVersion = 15.0.28010.2046
MinimumVisualStudioVersion = 10.0.40219.1
Project("{2150E333-8FDC-42A3-9474-1A3956D46DE8}") = "src", "src", "{75E119B4-AC04-4AA0-9549-575144D0CE46}"
EndProject
Project("{2150E333-8FDC-42A3-9474-1A3956D46DE8}") = "Solution Items", "Solution Items", "{28A5B250-B8C7-4AA7-9067-100B366C39B5}"
	ProjectSection(SolutionItems) = preProject
		LICENSE = LICENSE
		README.md = README.md
	EndProjectSection
EndProject
Project("{FAE04EC0-301F-11D3-BF4B-00C04F79EFBC}") = "Samples", "src\Samples\Samples.csproj", "{3B1E14D1-E88C-425E-952B-ACBA747A7A0F}"
EndProject
Global
	GlobalSection(SolutionConfigurationPlatforms) = preSolution
		Debug|Any CPU = Debug|Any CPU
		Release|Any CPU = Release|Any CPU
	EndGlobalSection
	GlobalSection(ProjectConfigurationPlatforms) = postSolution
		{3B1E14D1-E88C-425E-952B-ACBA747A7A0F}.Debug|Any CPU.ActiveCfg = Debug|Any CPU
		{3B1E14D1-E88C-425E-952B-ACBA747A7A0F}.Debug|Any CPU.Build.0 = Debug|Any CPU
		{3B1E14D1-E88C-425E-952B-ACBA747A7A0F}.Release|Any CPU.ActiveCfg = Release|Any CPU
		{3B1E14D1-E88C-425E-952B-ACBA747A7A0F}.Release|Any CPU.Build.0 = Release|Any CPU
	EndGlobalSection
	GlobalSection(SolutionProperties) = preSolution
		HideSolutionNode = FALSE
	EndGlobalSection
	GlobalSection(NestedProjects) = preSolution
		{3B1E14D1-E88C-425E-952B-ACBA747A7A0F} = {75E119B4-AC04-4AA0-9549-575144D0CE46}
	EndGlobalSection
	GlobalSection(ExtensibilityGlobals) = postSolution
		SolutionGuid = {C2F0F4DE-1BBB-4B75-AD1F-ABDEC56E3476}
	EndGlobalSection
EndGlobal
